
Microsoft Visual Studio Solution File, Format Version 12.00
# Visual Studio 2013
VisualStudioVersion = 12.0.21005.1
MinimumVisualStudioVersion = 10.0.40219.1
Project("{FAE04EC0-301F-11D3-BF4B-00C04F79EFBC}") = "class_part1", "class_part1\class_part1.csproj", "{6CB099A1-90FD-46E1-BC1F-0B8B63D303CB}"
EndProject
Global
	GlobalSection(SolutionConfigurationPlatforms) = preSolution
		Debug|Any CPU = Debug|Any CPU
		Release|Any CPU = Release|Any CPU
	EndGlobalSection
	GlobalSection(ProjectConfigurationPlatforms) = postSolution
		{6CB099A1-90FD-46E1-BC1F-0B8B63D303CB}.Debug|Any CPU.ActiveCfg = Debug|Any CPU
		{6CB099A1-90FD-46E1-BC1F-0B8B63D303CB}.Debug|Any CPU.Build.0 = Debug|Any CPU
		{6CB099A1-90FD-46E1-BC1F-0B8B63D303CB}.Release|Any CPU.ActiveCfg = Release|Any CPU
		{6CB099A1-90FD-46E1-BC1F-0B8B63D303CB}.Release|Any CPU.Build.0 = Release|Any CPU
	EndGlobalSection
	GlobalSection(SolutionProperties) = preSolution
		HideSolutionNode = FALSE
	EndGlobalSection
EndGlobal
